
Microsoft Visual Studio Solution File, Format Version 12.00
# Visual Studio Version 16
VisualStudioVersion = 16.0.30413.136
MinimumVisualStudioVersion = 10.0.40219.1
Project("{FAE04EC0-301F-11D3-BF4B-00C04F79EFBC}") = "P01", "P01\P01.csproj", "{0967E6DB-C042-4DF0-AB1C-36FBA460CF86}"
EndProject
Project("{FAE04EC0-301F-11D3-BF4B-00C04F79EFBC}") = "P02", "P02\P02.csproj", "{26954DA8-B4ED-4CD8-A6CC-5A58986E406E}"
EndProject
Project("{FAE04EC0-301F-11D3-BF4B-00C04F79EFBC}") = "P03", "P03\P03.csproj", "{87CFCC9B-91FA-4BDD-9BC9-17F3B2FDB95B}"
EndProject
Global
	GlobalSection(SolutionConfigurationPlatforms) = preSolution
		Debug|Any CPU = Debug|Any CPU
		Release|Any CPU = Release|Any CPU
	EndGlobalSection
	GlobalSection(ProjectConfigurationPlatforms) = postSolution
		{0967E6DB-C042-4DF0-AB1C-36FBA460CF86}.Debug|Any CPU.ActiveCfg = Debug|Any CPU
		{0967E6DB-C042-4DF0-AB1C-36FBA460CF86}.Debug|Any CPU.Build.0 = Debug|Any CPU
		{0967E6DB-C042-4DF0-AB1C-36FBA460CF86}.Release|Any CPU.ActiveCfg = Release|Any CPU
		{0967E6DB-C042-4DF0-AB1C-36FBA460CF86}.Release|Any CPU.Build.0 = Release|Any CPU
		{26954DA8-B4ED-4CD8-A6CC-5A58986E406E}.Debug|Any CPU.ActiveCfg = Debug|Any CPU
		{26954DA8-B4ED-4CD8-A6CC-5A58986E406E}.Debug|Any CPU.Build.0 = Debug|Any CPU
		{26954DA8-B4ED-4CD8-A6CC-5A58986E406E}.Release|Any CPU.ActiveCfg = Release|Any CPU
		{26954DA8-B4ED-4CD8-A6CC-5A58986E406E}.Release|Any CPU.Build.0 = Release|Any CPU
		{87CFCC9B-91FA-4BDD-9BC9-17F3B2FDB95B}.Debug|Any CPU.ActiveCfg = Debug|Any CPU
		{87CFCC9B-91FA-4BDD-9BC9-17F3B2FDB95B}.Debug|Any CPU.Build.0 = Debug|Any CPU
		{87CFCC9B-91FA-4BDD-9BC9-17F3B2FDB95B}.Release|Any CPU.ActiveCfg = Release|Any CPU
		{87CFCC9B-91FA-4BDD-9BC9-17F3B2FDB95B}.Release|Any CPU.Build.0 = Release|Any CPU
	EndGlobalSection
	GlobalSection(SolutionProperties) = preSolution
		HideSolutionNode = FALSE
	EndGlobalSection
	GlobalSection(ExtensibilityGlobals) = postSolution
		SolutionGuid = {8242D062-E1F8-4FC4-AB4D-EB0D573AEA94}
	EndGlobalSection
EndGlobal
