
Microsoft Visual Studio Solution File, Format Version 12.00
# Visual Studio Version 16
VisualStudioVersion = 16.0.30413.136
MinimumVisualStudioVersion = 10.0.40219.1
Project("{FAE04EC0-301F-11D3-BF4B-00C04F79EFBC}") = "P01", "P01\P01.csproj", "{0967E6DB-C042-4DF0-AB1C-36FBA460CF86}"
EndProject
Project("{FAE04EC0-301F-11D3-BF4B-00C04F79EFBC}") = "P02", "P02\P02.csproj", "{26954DA8-B4ED-4CD8-A6CC-5A58986E406E}"
EndProject
Project("{FAE04EC0-301F-11D3-BF4B-00C04F79EFBC}") = "P03", "P03\P03.csproj", "{87CFCC9B-91FA-4BDD-9BC9-17F3B2FDB95B}"
EndProject
Project("{FAE04EC0-301F-11D3-BF4B-00C04F79EFBC}") = "P04", "P04\P04.csproj", "{9951526C-7549-466B-A6E2-A0BADAFF8187}"
EndProject
Project("{FAE04EC0-301F-11D3-BF4B-00C04F79EFBC}") = "P05", "P05\P05.csproj", "{E5698185-B624-487E-8246-023FD0667599}"
EndProject
Project("{FAE04EC0-301F-11D3-BF4B-00C04F79EFBC}") = "P06", "P06\P06.csproj", "{FC4735E9-55D0-403C-A79B-82B9255F32FC}"
EndProject
Project("{FAE04EC0-301F-11D3-BF4B-00C04F79EFBC}") = "P07", "P07\P07.csproj", "{48233625-192A-41F2-A91B-50C2CD014098}"
EndProject
Project("{FAE04EC0-301F-11D3-BF4B-00C04F79EFBC}") = "P08", "P08\P08.csproj", "{E443921F-2F72-4365-9378-6774DE6E3022}"
EndProject
Project("{FAE04EC0-301F-11D3-BF4B-00C04F79EFBC}") = "P09", "P09\P09.csproj", "{2CCD954E-45BC-4FF7-A43D-C54AFAEF6002}"
EndProject
Project("{FAE04EC0-301F-11D3-BF4B-00C04F79EFBC}") = "P10", "P10\P10.csproj", "{02A3A803-2AB6-4788-B929-F7B73EBE4C47}"
EndProject
Global
	GlobalSection(SolutionConfigurationPlatforms) = preSolution
		Debug|Any CPU = Debug|Any CPU
		Release|Any CPU = Release|Any CPU
	EndGlobalSection
	GlobalSection(ProjectConfigurationPlatforms) = postSolution
		{0967E6DB-C042-4DF0-AB1C-36FBA460CF86}.Debug|Any CPU.ActiveCfg = Debug|Any CPU
		{0967E6DB-C042-4DF0-AB1C-36FBA460CF86}.Debug|Any CPU.Build.0 = Debug|Any CPU
		{0967E6DB-C042-4DF0-AB1C-36FBA460CF86}.Release|Any CPU.ActiveCfg = Release|Any CPU
		{0967E6DB-C042-4DF0-AB1C-36FBA460CF86}.Release|Any CPU.Build.0 = Release|Any CPU
		{26954DA8-B4ED-4CD8-A6CC-5A58986E406E}.Debug|Any CPU.ActiveCfg = Debug|Any CPU
		{26954DA8-B4ED-4CD8-A6CC-5A58986E406E}.Debug|Any CPU.Build.0 = Debug|Any CPU
		{26954DA8-B4ED-4CD8-A6CC-5A58986E406E}.Release|Any CPU.ActiveCfg = Release|Any CPU
		{26954DA8-B4ED-4CD8-A6CC-5A58986E406E}.Release|Any CPU.Build.0 = Release|Any CPU
		{87CFCC9B-91FA-4BDD-9BC9-17F3B2FDB95B}.Debug|Any CPU.ActiveCfg = Debug|Any CPU
		{87CFCC9B-91FA-4BDD-9BC9-17F3B2FDB95B}.Debug|Any CPU.Build.0 = Debug|Any CPU
		{87CFCC9B-91FA-4BDD-9BC9-17F3B2FDB95B}.Release|Any CPU.ActiveCfg = Release|Any CPU
		{87CFCC9B-91FA-4BDD-9BC9-17F3B2FDB95B}.Release|Any CPU.Build.0 = Release|Any CPU
		{9951526C-7549-466B-A6E2-A0BADAFF8187}.Debug|Any CPU.ActiveCfg = Debug|Any CPU
		{9951526C-7549-466B-A6E2-A0BADAFF8187}.Debug|Any CPU.Build.0 = Debug|Any CPU
		{9951526C-7549-466B-A6E2-A0BADAFF8187}.Release|Any CPU.ActiveCfg = Release|Any CPU
		{9951526C-7549-466B-A6E2-A0BADAFF8187}.Release|Any CPU.Build.0 = Release|Any CPU
		{E5698185-B624-487E-8246-023FD0667599}.Debug|Any CPU.ActiveCfg = Debug|Any CPU
		{E5698185-B624-487E-8246-023FD0667599}.Debug|Any CPU.Build.0 = Debug|Any CPU
		{E5698185-B624-487E-8246-023FD0667599}.Release|Any CPU.ActiveCfg = Release|Any CPU
		{E5698185-B624-487E-8246-023FD0667599}.Release|Any CPU.Build.0 = Release|Any CPU
		{FC4735E9-55D0-403C-A79B-82B9255F32FC}.Debug|Any CPU.ActiveCfg = Debug|Any CPU
		{FC4735E9-55D0-403C-A79B-82B9255F32FC}.Debug|Any CPU.Build.0 = Debug|Any CPU
		{FC4735E9-55D0-403C-A79B-82B9255F32FC}.Release|Any CPU.ActiveCfg = Release|Any CPU
		{FC4735E9-55D0-403C-A79B-82B9255F32FC}.Release|Any CPU.Build.0 = Release|Any CPU
		{48233625-192A-41F2-A91B-50C2CD014098}.Debug|Any CPU.ActiveCfg = Debug|Any CPU
		{48233625-192A-41F2-A91B-50C2CD014098}.Debug|Any CPU.Build.0 = Debug|Any CPU
		{48233625-192A-41F2-A91B-50C2CD014098}.Release|Any CPU.ActiveCfg = Release|Any CPU
		{48233625-192A-41F2-A91B-50C2CD014098}.Release|Any CPU.Build.0 = Release|Any CPU
		{E443921F-2F72-4365-9378-6774DE6E3022}.Debug|Any CPU.ActiveCfg = Debug|Any CPU
		{E443921F-2F72-4365-9378-6774DE6E3022}.Debug|Any CPU.Build.0 = Debug|Any CPU
		{E443921F-2F72-4365-9378-6774DE6E3022}.Release|Any CPU.ActiveCfg = Release|Any CPU
		{E443921F-2F72-4365-9378-6774DE6E3022}.Release|Any CPU.Build.0 = Release|Any CPU
		{2CCD954E-45BC-4FF7-A43D-C54AFAEF6002}.Debug|Any CPU.ActiveCfg = Debug|Any CPU
		{2CCD954E-45BC-4FF7-A43D-C54AFAEF6002}.Debug|Any CPU.Build.0 = Debug|Any CPU
		{2CCD954E-45BC-4FF7-A43D-C54AFAEF6002}.Release|Any CPU.ActiveCfg = Release|Any CPU
		{2CCD954E-45BC-4FF7-A43D-C54AFAEF6002}.Release|Any CPU.Build.0 = Release|Any CPU
		{02A3A803-2AB6-4788-B929-F7B73EBE4C47}.Debug|Any CPU.ActiveCfg = Debug|Any CPU
		{02A3A803-2AB6-4788-B929-F7B73EBE4C47}.Debug|Any CPU.Build.0 = Debug|Any CPU
		{02A3A803-2AB6-4788-B929-F7B73EBE4C47}.Release|Any CPU.ActiveCfg = Release|Any CPU
		{02A3A803-2AB6-4788-B929-F7B73EBE4C47}.Release|Any CPU.Build.0 = Release|Any CPU
	EndGlobalSection
	GlobalSection(SolutionProperties) = preSolution
		HideSolutionNode = FALSE
	EndGlobalSection
	GlobalSection(ExtensibilityGlobals) = postSolution
		SolutionGuid = {8242D062-E1F8-4FC4-AB4D-EB0D573AEA94}
	EndGlobalSection
EndGlobal
